
Microsoft Visual Studio Solution File, Format Version 12.00
# Visual Studio Version 17
VisualStudioVersion = 17.4.33205.214
MinimumVisualStudioVersion = 10.0.40219.1
Project("{FAE04EC0-301F-11D3-BF4B-00C04F79EFBC}") = "CircleEditorForm", "CircleEditorForm\CircleEditorForm.csproj", "{93BDC88F-4B74-420C-9D40-97E79F7E97D3}"
EndProject
Global
	GlobalSection(SolutionConfigurationPlatforms) = preSolution
		Debug|Any CPU = Debug|Any CPU
		Release|Any CPU = Release|Any CPU
	EndGlobalSection
	GlobalSection(ProjectConfigurationPlatforms) = postSolution
		{93BDC88F-4B74-420C-9D40-97E79F7E97D3}.Debug|Any CPU.ActiveCfg = Debug|Any CPU
		{93BDC88F-4B74-420C-9D40-97E79F7E97D3}.Debug|Any CPU.Build.0 = Debug|Any CPU
		{93BDC88F-4B74-420C-9D40-97E79F7E97D3}.Release|Any CPU.ActiveCfg = Release|Any CPU
		{93BDC88F-4B74-420C-9D40-97E79F7E97D3}.Release|Any CPU.Build.0 = Release|Any CPU
	EndGlobalSection
	GlobalSection(SolutionProperties) = preSolution
		HideSolutionNode = FALSE
	EndGlobalSection
	GlobalSection(ExtensibilityGlobals) = postSolution
		SolutionGuid = {5701F43F-16F6-4F75-ABAD-50A2BD32965F}
	EndGlobalSection
EndGlobal
